
Microsoft Visual Studio Solution File, Format Version 12.00
# Visual Studio 2013
VisualStudioVersion = 12.0.30501.0
MinimumVisualStudioVersion = 10.0.40219.1
Project("{FAE04EC0-301F-11D3-BF4B-00C04F79EFBC}") = "AzureAuth", "AzureAuth\AzureAuth.csproj", "{0EEF3F01-2ADF-4140-A26A-29A0453B9C5A}"
EndProject
Project("{FAE04EC0-301F-11D3-BF4B-00C04F79EFBC}") = "RoutingConfig", "RoutingConfig\RoutingConfig.csproj", "{23181E8C-4DD9-46E8-B74E-C53A11EB6C8D}"
EndProject
Project("{FAE04EC0-301F-11D3-BF4B-00C04F79EFBC}") = "ConsoleHost", "ConsoleHost\ConsoleHost.csproj", "{9F2F3708-2CA5-439C-950F-E7E5D40F4C5E}"
EndProject
Project("{FAE04EC0-301F-11D3-BF4B-00C04F79EFBC}") = "BuskerProxy", "BuskerProxy\BuskerProxy.csproj", "{44FE6068-AEC7-44E4-8446-5FA34DF1AFD6}"
EndProject
Project("{FAE04EC0-301F-11D3-BF4B-00C04F79EFBC}") = "Tests", "Tests\Tests.csproj", "{4D20DD86-622C-4E23-9313-01103F5EC45F}"
EndProject
Project("{CC5FD16D-436D-48AD-A40C-5A424C6E3E79}") = "CloudHost", "CloudHost\CloudHost.ccproj", "{FA365846-904F-4258-BA7E-1ACC9032431D}"
EndProject
Project("{FAE04EC0-301F-11D3-BF4B-00C04F79EFBC}") = "WorkerRole", "WorkerRole\WorkerRole.csproj", "{ECC6B0DA-DB11-43F5-B92B-FE6267338EF6}"
EndProject
Project("{FAE04EC0-301F-11D3-BF4B-00C04F79EFBC}") = "GrantHttpACL", "GrantHttpACL\GrantHttpACL.csproj", "{059A6EAE-EDEE-430B-9548-ABE7BB5D405F}"
EndProject
Project("{FAE04EC0-301F-11D3-BF4B-00C04F79EFBC}") = "Caching", "Caching\Caching.csproj", "{60FE9431-85F9-4E1F-80D9-5145AA015BA9}"
EndProject
Project("{FAE04EC0-301F-11D3-BF4B-00C04F79EFBC}") = "Logging", "Logging\Logging.csproj", "{B4D72E01-09C3-4D58-8B29-2D43B5855F84}"
EndProject
Project("{FAE04EC0-301F-11D3-BF4B-00C04F79EFBC}") = "Extensions", "Extensions\Extensions.csproj", "{DC5D263A-B518-49CE-AA8B-113B043B38F3}"
EndProject
Project("{FAE04EC0-301F-11D3-BF4B-00C04F79EFBC}") = "Image", "Image\Image.csproj", "{CB2D46D5-8D2C-46B6-9D07-0CF7D2CC19D9}"
EndProject
Project("{FAE04EC0-301F-11D3-BF4B-00C04F79EFBC}") = "Secure", "Secure\Secure.csproj", "{97944F33-FC7F-4486-A530-8E474ACD5BFA}"
EndProject
Global
	GlobalSection(SolutionConfigurationPlatforms) = preSolution
		Debug|Any CPU = Debug|Any CPU
		Release|Any CPU = Release|Any CPU
	EndGlobalSection
	GlobalSection(ProjectConfigurationPlatforms) = postSolution
		{0EEF3F01-2ADF-4140-A26A-29A0453B9C5A}.Debug|Any CPU.ActiveCfg = Debug|Any CPU
		{0EEF3F01-2ADF-4140-A26A-29A0453B9C5A}.Debug|Any CPU.Build.0 = Debug|Any CPU
		{0EEF3F01-2ADF-4140-A26A-29A0453B9C5A}.Release|Any CPU.ActiveCfg = Release|Any CPU
		{0EEF3F01-2ADF-4140-A26A-29A0453B9C5A}.Release|Any CPU.Build.0 = Release|Any CPU
		{23181E8C-4DD9-46E8-B74E-C53A11EB6C8D}.Debug|Any CPU.ActiveCfg = Debug|Any CPU
		{23181E8C-4DD9-46E8-B74E-C53A11EB6C8D}.Debug|Any CPU.Build.0 = Debug|Any CPU
		{23181E8C-4DD9-46E8-B74E-C53A11EB6C8D}.Release|Any CPU.ActiveCfg = Release|Any CPU
		{23181E8C-4DD9-46E8-B74E-C53A11EB6C8D}.Release|Any CPU.Build.0 = Release|Any CPU
		{9F2F3708-2CA5-439C-950F-E7E5D40F4C5E}.Debug|Any CPU.ActiveCfg = Debug|Any CPU
		{9F2F3708-2CA5-439C-950F-E7E5D40F4C5E}.Debug|Any CPU.Build.0 = Debug|Any CPU
		{9F2F3708-2CA5-439C-950F-E7E5D40F4C5E}.Release|Any CPU.ActiveCfg = Release|Any CPU
		{9F2F3708-2CA5-439C-950F-E7E5D40F4C5E}.Release|Any CPU.Build.0 = Release|Any CPU
		{44FE6068-AEC7-44E4-8446-5FA34DF1AFD6}.Debug|Any CPU.ActiveCfg = Debug|Any CPU
		{44FE6068-AEC7-44E4-8446-5FA34DF1AFD6}.Debug|Any CPU.Build.0 = Debug|Any CPU
		{44FE6068-AEC7-44E4-8446-5FA34DF1AFD6}.Release|Any CPU.ActiveCfg = Release|Any CPU
		{44FE6068-AEC7-44E4-8446-5FA34DF1AFD6}.Release|Any CPU.Build.0 = Release|Any CPU
		{4D20DD86-622C-4E23-9313-01103F5EC45F}.Debug|Any CPU.ActiveCfg = Debug|Any CPU
		{4D20DD86-622C-4E23-9313-01103F5EC45F}.Debug|Any CPU.Build.0 = Debug|Any CPU
		{4D20DD86-622C-4E23-9313-01103F5EC45F}.Release|Any CPU.ActiveCfg = Release|Any CPU
		{4D20DD86-622C-4E23-9313-01103F5EC45F}.Release|Any CPU.Build.0 = Release|Any CPU
		{FA365846-904F-4258-BA7E-1ACC9032431D}.Debug|Any CPU.ActiveCfg = Debug|Any CPU
		{FA365846-904F-4258-BA7E-1ACC9032431D}.Debug|Any CPU.Build.0 = Debug|Any CPU
		{FA365846-904F-4258-BA7E-1ACC9032431D}.Release|Any CPU.ActiveCfg = Release|Any CPU
		{FA365846-904F-4258-BA7E-1ACC9032431D}.Release|Any CPU.Build.0 = Release|Any CPU
		{ECC6B0DA-DB11-43F5-B92B-FE6267338EF6}.Debug|Any CPU.ActiveCfg = Debug|Any CPU
		{ECC6B0DA-DB11-43F5-B92B-FE6267338EF6}.Debug|Any CPU.Build.0 = Debug|Any CPU
		{ECC6B0DA-DB11-43F5-B92B-FE6267338EF6}.Release|Any CPU.ActiveCfg = Release|Any CPU
		{ECC6B0DA-DB11-43F5-B92B-FE6267338EF6}.Release|Any CPU.Build.0 = Release|Any CPU
		{059A6EAE-EDEE-430B-9548-ABE7BB5D405F}.Debug|Any CPU.ActiveCfg = Debug|Any CPU
		{059A6EAE-EDEE-430B-9548-ABE7BB5D405F}.Debug|Any CPU.Build.0 = Debug|Any CPU
		{059A6EAE-EDEE-430B-9548-ABE7BB5D405F}.Release|Any CPU.ActiveCfg = Release|Any CPU
		{059A6EAE-EDEE-430B-9548-ABE7BB5D405F}.Release|Any CPU.Build.0 = Release|Any CPU
		{60FE9431-85F9-4E1F-80D9-5145AA015BA9}.Debug|Any CPU.ActiveCfg = Debug|Any CPU
		{60FE9431-85F9-4E1F-80D9-5145AA015BA9}.Debug|Any CPU.Build.0 = Debug|Any CPU
		{60FE9431-85F9-4E1F-80D9-5145AA015BA9}.Release|Any CPU.ActiveCfg = Release|Any CPU
		{60FE9431-85F9-4E1F-80D9-5145AA015BA9}.Release|Any CPU.Build.0 = Release|Any CPU
		{B4D72E01-09C3-4D58-8B29-2D43B5855F84}.Debug|Any CPU.ActiveCfg = Debug|Any CPU
		{B4D72E01-09C3-4D58-8B29-2D43B5855F84}.Debug|Any CPU.Build.0 = Debug|Any CPU
		{B4D72E01-09C3-4D58-8B29-2D43B5855F84}.Release|Any CPU.ActiveCfg = Release|Any CPU
		{B4D72E01-09C3-4D58-8B29-2D43B5855F84}.Release|Any CPU.Build.0 = Release|Any CPU
		{DC5D263A-B518-49CE-AA8B-113B043B38F3}.Debug|Any CPU.ActiveCfg = Debug|Any CPU
		{DC5D263A-B518-49CE-AA8B-113B043B38F3}.Debug|Any CPU.Build.0 = Debug|Any CPU
		{DC5D263A-B518-49CE-AA8B-113B043B38F3}.Release|Any CPU.ActiveCfg = Release|Any CPU
		{DC5D263A-B518-49CE-AA8B-113B043B38F3}.Release|Any CPU.Build.0 = Release|Any CPU
		{CB2D46D5-8D2C-46B6-9D07-0CF7D2CC19D9}.Debug|Any CPU.ActiveCfg = Debug|Any CPU
		{CB2D46D5-8D2C-46B6-9D07-0CF7D2CC19D9}.Debug|Any CPU.Build.0 = Debug|Any CPU
		{CB2D46D5-8D2C-46B6-9D07-0CF7D2CC19D9}.Release|Any CPU.ActiveCfg = Release|Any CPU
		{CB2D46D5-8D2C-46B6-9D07-0CF7D2CC19D9}.Release|Any CPU.Build.0 = Release|Any CPU
		{97944F33-FC7F-4486-A530-8E474ACD5BFA}.Debug|Any CPU.ActiveCfg = Debug|Any CPU
		{97944F33-FC7F-4486-A530-8E474ACD5BFA}.Debug|Any CPU.Build.0 = Debug|Any CPU
		{97944F33-FC7F-4486-A530-8E474ACD5BFA}.Release|Any CPU.ActiveCfg = Release|Any CPU
		{97944F33-FC7F-4486-A530-8E474ACD5BFA}.Release|Any CPU.Build.0 = Release|Any CPU
	EndGlobalSection
	GlobalSection(SolutionProperties) = preSolution
		HideSolutionNode = FALSE
	EndGlobalSection
EndGlobal
